
Microsoft Visual Studio Solution File, Format Version 12.00
# Visual Studio Version 17
VisualStudioVersion = 17.3.32929.385
MinimumVisualStudioVersion = 10.0.40219.1
Project("{FAE04EC0-301F-11D3-BF4B-00C04F79EFBC}") = "IdividualLogicLayer", "IdividualLogicLayer\IdividualLogicLayer.csproj", "{C925A6AE-8474-483F-8D64-BB4215465FB4}"
EndProject
Project("{9A19103F-16F7-4668-BE54-9A1E7A4F7556}") = "WebApplicationGraphicLayer", "WebApplicationGraphicLayer\WebApplicationGraphicLayer.csproj", "{09FD39EE-5FF7-468C-81D6-53A80E5DC318}"
EndProject
Project("{FAE04EC0-301F-11D3-BF4B-00C04F79EFBC}") = "WinFormsGraphicLayer", "WinFormsGraphicLayer\WinFormsGraphicLayer.csproj", "{2F61BEF7-FBB2-42B8-977E-DF14026F0A7D}"
EndProject
Project("{FAE04EC0-301F-11D3-BF4B-00C04F79EFBC}") = "IndividualDAL", "IndividualDAL\IndividualDAL.csproj", "{6A712301-C2A3-43FE-88C1-71615F389D28}"
EndProject
Global
	GlobalSection(SolutionConfigurationPlatforms) = preSolution
		Debug|Any CPU = Debug|Any CPU
		Release|Any CPU = Release|Any CPU
	EndGlobalSection
	GlobalSection(ProjectConfigurationPlatforms) = postSolution
		{C925A6AE-8474-483F-8D64-BB4215465FB4}.Debug|Any CPU.ActiveCfg = Debug|Any CPU
		{C925A6AE-8474-483F-8D64-BB4215465FB4}.Debug|Any CPU.Build.0 = Debug|Any CPU
		{C925A6AE-8474-483F-8D64-BB4215465FB4}.Release|Any CPU.ActiveCfg = Release|Any CPU
		{C925A6AE-8474-483F-8D64-BB4215465FB4}.Release|Any CPU.Build.0 = Release|Any CPU
		{09FD39EE-5FF7-468C-81D6-53A80E5DC318}.Debug|Any CPU.ActiveCfg = Debug|Any CPU
		{09FD39EE-5FF7-468C-81D6-53A80E5DC318}.Debug|Any CPU.Build.0 = Debug|Any CPU
		{09FD39EE-5FF7-468C-81D6-53A80E5DC318}.Release|Any CPU.ActiveCfg = Release|Any CPU
		{09FD39EE-5FF7-468C-81D6-53A80E5DC318}.Release|Any CPU.Build.0 = Release|Any CPU
		{2F61BEF7-FBB2-42B8-977E-DF14026F0A7D}.Debug|Any CPU.ActiveCfg = Debug|Any CPU
		{2F61BEF7-FBB2-42B8-977E-DF14026F0A7D}.Debug|Any CPU.Build.0 = Debug|Any CPU
		{2F61BEF7-FBB2-42B8-977E-DF14026F0A7D}.Release|Any CPU.ActiveCfg = Release|Any CPU
		{2F61BEF7-FBB2-42B8-977E-DF14026F0A7D}.Release|Any CPU.Build.0 = Release|Any CPU
		{6A712301-C2A3-43FE-88C1-71615F389D28}.Debug|Any CPU.ActiveCfg = Debug|Any CPU
		{6A712301-C2A3-43FE-88C1-71615F389D28}.Debug|Any CPU.Build.0 = Debug|Any CPU
		{6A712301-C2A3-43FE-88C1-71615F389D28}.Release|Any CPU.ActiveCfg = Release|Any CPU
		{6A712301-C2A3-43FE-88C1-71615F389D28}.Release|Any CPU.Build.0 = Release|Any CPU
	EndGlobalSection
	GlobalSection(SolutionProperties) = preSolution
		HideSolutionNode = FALSE
	EndGlobalSection
	GlobalSection(ExtensibilityGlobals) = postSolution
		SolutionGuid = {2F1E547B-6043-432E-8BDA-4BAA7BEB4A26}
	EndGlobalSection
EndGlobal
